
Microsoft Visual Studio Solution File, Format Version 12.00
# Visual Studio Version 17
VisualStudioVersion = 17.3.32929.385
MinimumVisualStudioVersion = 10.0.40219.1
Project("{FAE04EC0-301F-11D3-BF4B-00C04F79EFBC}") = "Калькулятор", "Калькулятор\Калькулятор.csproj", "{83C122E2-B4AD-4430-9AFF-AFE8DA55D775}"
EndProject
Global
	GlobalSection(SolutionConfigurationPlatforms) = preSolution
		Debug|Any CPU = Debug|Any CPU
		Release|Any CPU = Release|Any CPU
	EndGlobalSection
	GlobalSection(ProjectConfigurationPlatforms) = postSolution
		{83C122E2-B4AD-4430-9AFF-AFE8DA55D775}.Debug|Any CPU.ActiveCfg = Debug|Any CPU
		{83C122E2-B4AD-4430-9AFF-AFE8DA55D775}.Debug|Any CPU.Build.0 = Debug|Any CPU
		{83C122E2-B4AD-4430-9AFF-AFE8DA55D775}.Release|Any CPU.ActiveCfg = Release|Any CPU
		{83C122E2-B4AD-4430-9AFF-AFE8DA55D775}.Release|Any CPU.Build.0 = Release|Any CPU
	EndGlobalSection
	GlobalSection(SolutionProperties) = preSolution
		HideSolutionNode = FALSE
	EndGlobalSection
	GlobalSection(ExtensibilityGlobals) = postSolution
		SolutionGuid = {C80DF665-6F3D-4F1B-9B12-1A5930D24C09}
	EndGlobalSection
EndGlobal
